
Microsoft Visual Studio Solution File, Format Version 12.00
# Visual Studio Version 17
VisualStudioVersion = 17.9.34622.214
MinimumVisualStudioVersion = 10.0.40219.1
Project("{FAE04EC0-301F-11D3-BF4B-00C04F79EFBC}") = "p2", "p2\p2.csproj", "{C70CDBAD-88AA-4A19-9089-CBF245CA9B16}"
EndProject
Global
	GlobalSection(SolutionConfigurationPlatforms) = preSolution
		Debug|Any CPU = Debug|Any CPU
		Release|Any CPU = Release|Any CPU
	EndGlobalSection
	GlobalSection(ProjectConfigurationPlatforms) = postSolution
		{C70CDBAD-88AA-4A19-9089-CBF245CA9B16}.Debug|Any CPU.ActiveCfg = Debug|Any CPU
		{C70CDBAD-88AA-4A19-9089-CBF245CA9B16}.Debug|Any CPU.Build.0 = Debug|Any CPU
		{C70CDBAD-88AA-4A19-9089-CBF245CA9B16}.Release|Any CPU.ActiveCfg = Release|Any CPU
		{C70CDBAD-88AA-4A19-9089-CBF245CA9B16}.Release|Any CPU.Build.0 = Release|Any CPU
	EndGlobalSection
	GlobalSection(SolutionProperties) = preSolution
		HideSolutionNode = FALSE
	EndGlobalSection
	GlobalSection(ExtensibilityGlobals) = postSolution
		SolutionGuid = {16F4C0ED-06BA-4720-96BB-7FAED9E9B1E6}
	EndGlobalSection
EndGlobal
